
Microsoft Visual Studio Solution File, Format Version 12.00
# Visual Studio Version 17
VisualStudioVersion = 17.4.33110.190
MinimumVisualStudioVersion = 10.0.40219.1
Project("{9A19103F-16F7-4668-BE54-9A1E7A4F7556}") = "OS_2_Chat", "LocalChat\OS_2_Chat.csproj", "{366BE274-A4EE-4D00-8550-5023929F18F5}"
EndProject
Global
	GlobalSection(SolutionConfigurationPlatforms) = preSolution
		Debug|Any CPU = Debug|Any CPU
		Release|Any CPU = Release|Any CPU
	EndGlobalSection
	GlobalSection(ProjectConfigurationPlatforms) = postSolution
		{366BE274-A4EE-4D00-8550-5023929F18F5}.Debug|Any CPU.ActiveCfg = Debug|Any CPU
		{366BE274-A4EE-4D00-8550-5023929F18F5}.Debug|Any CPU.Build.0 = Debug|Any CPU
		{366BE274-A4EE-4D00-8550-5023929F18F5}.Release|Any CPU.ActiveCfg = Release|Any CPU
		{366BE274-A4EE-4D00-8550-5023929F18F5}.Release|Any CPU.Build.0 = Release|Any CPU
	EndGlobalSection
	GlobalSection(SolutionProperties) = preSolution
		HideSolutionNode = FALSE
	EndGlobalSection
	GlobalSection(ExtensibilityGlobals) = postSolution
		SolutionGuid = {F2063B40-35E8-49B3-80B9-E0C73F66E5F1}
	EndGlobalSection
EndGlobal
